// !$*UTF8*$!
{
	archiveVersion = 1;
	classes = {
	};
	objectVersion = 55;
	objects = {

/* Begin PBXBuildFile section */
		EE2C2DC428BDCF8E00AB8313 /* AppDelegate.swift in Sources */ = {isa = PBXBuildFile; fileRef = EE2C2DC328BDCF8E00AB8313 /* AppDelegate.swift */; };
		EE2C2DC628BDCF8E00AB8313 /* SceneDelegate.swift in Sources */ = {isa = PBXBuildFile; fileRef = EE2C2DC528BDCF8E00AB8313 /* SceneDelegate.swift */; };
		EE2C2DC828BDCF8E00AB8313 /* ViewController.swift in Sources */ = {isa = PBXBuildFile; fileRef = EE2C2DC728BDCF8E00AB8313 /* ViewController.swift */; };
		EE2C2DCB28BDCF8E00AB8313 /* Main.storyboard in Resources */ = {isa = PBXBuildFile; fileRef = EE2C2DC928BDCF8E00AB8313 /* Main.storyboard */; };
		EE2C2DCD28BDCF9000AB8313 /* Assets.xcassets in Resources */ = {isa = PBXBuildFile; fileRef = EE2C2DCC28BDCF9000AB8313 /* Assets.xcassets */; };
		EE2C2DD028BDCF9000AB8313 /* LaunchScreen.storyboard in Resources */ = {isa = PBXBuildFile; fileRef = EE2C2DCE28BDCF9000AB8313 /* LaunchScreen.storyboard */; };
		EE2C2DDB28BDCF9000AB8313 /* TODOLISTTests.swift in Sources */ = {isa = PBXBuildFile; fileRef = EE2C2DDA28BDCF9000AB8313 /* TODOLISTTests.swift */; };
		EE2C2DE528BDCF9000AB8313 /* TODOLISTUITests.swift in Sources */ = {isa = PBXBuildFile; fileRef = EE2C2DE428BDCF9000AB8313 /* TODOLISTUITests.swift */; };
		EE2C2DE728BDCF9000AB8313 /* TODOLISTUITestsLaunchTests.swift in Sources */ = {isa = PBXBuildFile; fileRef = EE2C2DE628BDCF9000AB8313 /* TODOLISTUITestsLaunchTests.swift */; };
/* End PBXBuildFile section */

/* Begin PBXContainerItemProxy section */
		EE2C2DD728BDCF9000AB8313 /* PBXContainerItemProxy */ = {
			isa = PBXContainerItemProxy;
			containerPortal = EE2C2DB828BDCF8E00AB8313 /* Project object */;
			proxyType = 1;
			remoteGlobalIDString = EE2C2DBF28BDCF8E00AB8313;
			remoteInfo = TODOLIST;
		};
		EE2C2DE128BDCF9000AB8313 /* PBXContainerItemProxy */ = {
			isa = PBXContainerItemProxy;
			containerPortal = EE2C2DB828BDCF8E00AB8313 /* Project object */;
			proxyType = 1;
			remoteGlobalIDString = EE2C2DBF28BDCF8E00AB8313;
			remoteInfo = TODOLIST;
		};
/* End PBXContainerItemProxy section */

/* Begin PBXFileReference section */
		EE2C2DC028BDCF8E00AB8313 /* TODOLIST.app */ = {isa = PBXFileReference; explicitFileType = wrapper.application; includeInIndex = 0; path = TODOLIST.app; sourceTree = BUILT_PRODUCTS_DIR; };
		EE2C2DC328BDCF8E00AB8313 /* AppDelegate.swift */ = {isa = PBXFileReference; lastKnownFileType = sourcecode.swift; path = AppDelegate.swift; sourceTree = "<group>"; };
		EE2C2DC528BDCF8E00AB8313 /* SceneDelegate.swift */ = {isa = PBXFileReference; lastKnownFileType = sourcecode.swift; path = SceneDelegate.swift; sourceTree = "<group>"; };
		EE2C2DC728BDCF8E00AB8313 /* ViewController.swift */ = {isa = PBXFileReference; lastKnownFileType = sourcecode.swift; path = ViewController.swift; sourceTree = "<group>"; };
		EE2C2DCA28BDCF8E00AB8313 /* Base */ = {isa = PBXFileReference; lastKnownFileType = file.storyboard; name = Base; path = Base.lproj/Main.storyboard; sourceTree = "<group>"; };
		EE2C2DCC28BDCF9000AB8313 /* Assets.xcassets */ = {isa = PBXFileReference; lastKnownFileType = folder.assetcatalog; path = Assets.xcassets; sourceTree = "<group>"; };
		EE2C2DCF28BDCF9000AB8313 /* Base */ = {isa = PBXFileReference; lastKnownFileType = file.storyboard; name = Base; path = Base.lproj/LaunchScreen.storyboard; sourceTree = "<group>"; };
		EE2C2DD128BDCF9000AB8313 /* Info.plist */ = {isa = PBXFileReference; lastKnownFileType = text.plist.xml; path = Info.plist; sourceTree = "<group>"; };
		EE2C2DD628BDCF9000AB8313 /* TODOLISTTests.xctest */ = {isa = PBXFileReference; explicitFileType = wrapper.cfbundle; includeInIndex = 0; path = TODOLISTTests.xctest; sourceTree = BUILT_PRODUCTS_DIR; };
		EE2C2DDA28BDCF9000AB8313 /* TODOLISTTests.swift */ = {isa = PBXFileReference; lastKnownFileType = sourcecode.swift; path = TODOLISTTests.swift; sourceTree = "<group>"; };
		EE2C2DE028BDCF9000AB8313 /* TODOLISTUITests.xctest */ = {isa = PBXFileReference; explicitFileType = wrapper.cfbundle; includeInIndex = 0; path = TODOLISTUITests.xctest; sourceTree = BUILT_PRODUCTS_DIR; };
		EE2C2DE428BDCF9000AB8313 /* TODOLISTUITests.swift */ = {isa = PBXFileReference; lastKnownFileType = sourcecode.swift; path = TODOLISTUITests.swift; sourceTree = "<group>"; };
		EE2C2DE628BDCF9000AB8313 /* TODOLISTUITestsLaunchTests.swift */ = {isa = PBXFileReference; lastKnownFileType = sourcecode.swift; path = TODOLISTUITestsLaunchTests.swift; sourceTree = "<group>"; };
/* End PBXFileReference section */

/* Begin PBXFrameworksBuildPhase section */
		EE2C2DBD28BDCF8E00AB8313 /* Frameworks */ = {
			isa = PBXFrameworksBuildPhase;
			buildActionMask = 2147483647;
			files = (
			);
			runOnlyForDeploymentPostprocessing = 0;
		};
		EE2C2DD328BDCF9000AB8313 /* Frameworks */ = {
			isa = PBXFrameworksBuildPhase;
			buildActionMask = 2147483647;
			files = (
			);
			runOnlyForDeploymentPostprocessing = 0;
		};
		EE2C2DDD28BDCF9000AB8313 /* Frameworks */ = {
			isa = PBXFrameworksBuildPhase;
			buildActionMask = 2147483647;
			files = (
			);
			runOnlyForDeploymentPostprocessing = 0;
		};
/* End PBXFrameworksBuildPhase section */

/* Begin PBXGroup section */
		EE2C2DB728BDCF8E00AB8313 = {
			isa = PBXGroup;
			children = (
				EE2C2DC228BDCF8E00AB8313 /* TODOLIST */,
				EE2C2DD928BDCF9000AB8313 /* TODOLISTTests */,
				EE2C2DE328BDCF9000AB8313 /* TODOLISTUITests */,
				EE2C2DC128BDCF8E00AB8313 /* Products */,
			);
			sourceTree = "<group>";
		};
		EE2C2DC128BDCF8E00AB8313 /* Products */ = {
			isa = PBXGroup;
			children = (
				EE2C2DC028BDCF8E00AB8313 /* TODOLIST.app */,
				EE2C2DD628BDCF9000AB8313 /* TODOLISTTests.xctest */,
				EE2C2DE028BDCF9000AB8313 /* TODOLISTUITests.xctest */,
			);
			name = Products;
			sourceTree = "<group>";
		};
		EE2C2DC228BDCF8E00AB8313 /* TODOLIST */ = {
			isa = PBXGroup;
			children = (
				EE2C2DC328BDCF8E00AB8313 /* AppDelegate.swift */,
				EE2C2DC528BDCF8E00AB8313 /* SceneDelegate.swift */,
				EE2C2DC728BDCF8E00AB8313 /* ViewController.swift */,
				EE2C2DC928BDCF8E00AB8313 /* Main.storyboard */,
				EE2C2DCC28BDCF9000AB8313 /* Assets.xcassets */,
				EE2C2DCE28BDCF9000AB8313 /* LaunchScreen.storyboard */,
				EE2C2DD128BDCF9000AB8313 /* Info.plist */,
			);
			path = TODOLIST;
			sourceTree = "<group>";
		};
		EE2C2DD928BDCF9000AB8313 /* TODOLISTTests */ = {
			isa = PBXGroup;
			children = (
				EE2C2DDA28BDCF9000AB8313 /* TODOLISTTests.swift */,
			);
			path = TODOLISTTests;
			sourceTree = "<group>";
		};
		EE2C2DE328BDCF9000AB8313 /* TODOLISTUITests */ = {
			isa = PBXGroup;
			children = (
				EE2C2DE428BDCF9000AB8313 /* TODOLISTUITests.swift */,
				EE2C2DE628BDCF9000AB8313 /* TODOLISTUITestsLaunchTests.swift */,
			);
			path = TODOLISTUITests;
			sourceTree = "<group>";
		};
/* End PBXGroup section */

/* Begin PBXNativeTarget section */
		EE2C2DBF28BDCF8E00AB8313 /* TODOLIST */ = {
			isa = PBXNativeTarget;
			buildConfigurationList = EE2C2DEA28BDCF9000AB8313 /* Build configuration list for PBXNativeTarget "TODOLIST" */;
			buildPhases = (
				EE2C2DBC28BDCF8E00AB8313 /* Sources */,
				EE2C2DBD28BDCF8E00AB8313 /* Frameworks */,
				EE2C2DBE28BDCF8E00AB8313 /* Resources */,
			);
			buildRules = (
			);
			dependencies = (
			);
			name = TODOLIST;
			productName = TODOLIST;
			productReference = EE2C2DC028BDCF8E00AB8313 /* TODOLIST.app */;
			productType = "com.apple.product-type.application";
		};
		EE2C2DD528BDCF9000AB8313 /* TODOLISTTests */ = {
			isa = PBXNativeTarget;
			buildConfigurationList = EE2C2DED28BDCF9000AB8313 /* Build configuration list for PBXNativeTarget "TODOLISTTests" */;
			buildPhases = (
				EE2C2DD228BDCF9000AB8313 /* Sources */,
				EE2C2DD328BDCF9000AB8313 /* Frameworks */,
				EE2C2DD428BDCF9000AB8313 /* Resources */,
			);
			buildRules = (
			);
			dependencies = (
				EE2C2DD828BDCF9000AB8313 /* PBXTargetDependency */,
			);
			name = TODOLISTTests;
			productName = TODOLISTTests;
			productReference = EE2C2DD628BDCF9000AB8313 /* TODOLISTTests.xctest */;
			productType = "com.apple.product-type.bundle.unit-test";
		};
		EE2C2DDF28BDCF9000AB8313 /* TODOLISTUITests */ = {
			isa = PBXNativeTarget;
			buildConfigurationList = EE2C2DF028BDCF9000AB8313 /* Build configuration list for PBXNativeTarget "TODOLISTUITests" */;
			buildPhases = (
				EE2C2DDC28BDCF9000AB8313 /* Sources */,
				EE2C2DDD28BDCF9000AB8313 /* Frameworks */,
				EE2C2DDE28BDCF9000AB8313 /* Resources */,
			);
			buildRules = (
			);
			dependencies = (
				EE2C2DE228BDCF9000AB8313 /* PBXTargetDependency */,
			);
			name = TODOLISTUITests;
			productName = TODOLISTUITests;
			productReference = EE2C2DE028BDCF9000AB8313 /* TODOLISTUITests.xctest */;
			productType = "com.apple.product-type.bundle.ui-testing";
		};
/* End PBXNativeTarget section */

/* Begin PBXProject section */
		EE2C2DB828BDCF8E00AB8313 /* Project object */ = {
			isa = PBXProject;
			attributes = {
				BuildIndependentTargetsInParallel = 1;
				LastSwiftUpdateCheck = 1340;
				LastUpgradeCheck = 1340;
				TargetAttributes = {
					EE2C2DBF28BDCF8E00AB8313 = {
						CreatedOnToolsVersion = 13.4.1;
					};
					EE2C2DD528BDCF9000AB8313 = {
						CreatedOnToolsVersion = 13.4.1;
						TestTargetID = EE2C2DBF28BDCF8E00AB8313;
					};
					EE2C2DDF28BDCF9000AB8313 = {
						CreatedOnToolsVersion = 13.4.1;
						TestTargetID = EE2C2DBF28BDCF8E00AB8313;
					};
				};
			};
			buildConfigurationList = EE2C2DBB28BDCF8E00AB8313 /* Build configuration list for PBXProject "TODOLIST" */;
			compatibilityVersion = "Xcode 13.0";
			developmentRegion = en;
			hasScannedForEncodings = 0;
			knownRegions = (
				en,
				Base,
			);
			mainGroup = EE2C2DB728BDCF8E00AB8313;
			productRefGroup = EE2C2DC128BDCF8E00AB8313 /* Products */;
			projectDirPath = "";
			projectRoot = "";
			targets = (
				EE2C2DBF28BDCF8E00AB8313 /* TODOLIST */,
				EE2C2DD528BDCF9000AB8313 /* TODOLISTTests */,
				EE2C2DDF28BDCF9000AB8313 /* TODOLISTUITests */,
			);
		};
/* End PBXProject section */

/* Begin PBXResourcesBuildPhase section */
		EE2C2DBE28BDCF8E00AB8313 /* Resources */ = {
			isa = PBXResourcesBuildPhase;
			buildActionMask = 2147483647;
			files = (
				EE2C2DD028BDCF9000AB8313 /* LaunchScreen.storyboard in Resources */,
				EE2C2DCD28BDCF9000AB8313 /* Assets.xcassets in Resources */,
				EE2C2DCB28BDCF8E00AB8313 /* Main.storyboard in Resources */,
			);
			runOnlyForDeploymentPostprocessing = 0;
		};
		EE2C2DD428BDCF9000AB8313 /* Resources */ = {
			isa = PBXResourcesBuildPhase;
			buildActionMask = 2147483647;
			files = (
			);
			runOnlyForDeploymentPostprocessing = 0;
		};
		EE2C2DDE28BDCF9000AB8313 /* Resources */ = {
			isa = PBXResourcesBuildPhase;
			buildActionMask = 2147483647;
			files = (
			);
			runOnlyForDeploymentPostprocessing = 0;
		};
/* End PBXResourcesBuildPhase section */

/* Begin PBXSourcesBuildPhase section */
		EE2C2DBC28BDCF8E00AB8313 /* Sources */ = {
			isa = PBXSourcesBuildPhase;
			buildActionMask = 2147483647;
			files = (
				EE2C2DC828BDCF8E00AB8313 /* ViewController.swift in Sources */,
				EE2C2DC428BDCF8E00AB8313 /* AppDelegate.swift in Sources */,
				EE2C2DC628BDCF8E00AB8313 /* SceneDelegate.swift in Sources */,
			);
			runOnlyForDeploymentPostprocessing = 0;
		};
		EE2C2DD228BDCF9000AB8313 /* Sources */ = {
			isa = PBXSourcesBuildPhase;
			buildActionMask = 2147483647;
			files = (
				EE2C2DDB28BDCF9000AB8313 /* TODOLISTTests.swift in Sources */,
			);
			runOnlyForDeploymentPostprocessing = 0;
		};
		EE2C2DDC28BDCF9000AB8313 /* Sources */ = {
			isa = PBXSourcesBuildPhase;
			buildActionMask = 2147483647;
			files = (
				EE2C2DE728BDCF9000AB8313 /* TODOLISTUITestsLaunchTests.swift in Sources */,
				EE2C2DE528BDCF9000AB8313 /* TODOLISTUITests.swift in Sources */,
			);
			runOnlyForDeploymentPostprocessing = 0;
		};
/* End PBXSourcesBuildPhase section */

/* Begin PBXTargetDependency section */
		EE2C2DD828BDCF9000AB8313 /* PBXTargetDependency */ = {
			isa = PBXTargetDependency;
			target = EE2C2DBF28BDCF8E00AB8313 /* TODOLIST */;
			targetProxy = EE2C2DD728BDCF9000AB8313 /* PBXContainerItemProxy */;
		};
		EE2C2DE228BDCF9000AB8313 /* PBXTargetDependency */ = {
			isa = PBXTargetDependency;
			target = EE2C2DBF28BDCF8E00AB8313 /* TODOLIST */;
			targetProxy = EE2C2DE128BDCF9000AB8313 /* PBXContainerItemProxy */;
		};
/* End PBXTargetDependency section */

/* Begin PBXVariantGroup section */
		EE2C2DC928BDCF8E00AB8313 /* Main.storyboard */ = {
			isa = PBXVariantGroup;
			children = (
				EE2C2DCA28BDCF8E00AB8313 /* Base */,
			);
			name = Main.storyboard;
			sourceTree = "<group>";
		};
		EE2C2DCE28BDCF9000AB8313 /* LaunchScreen.storyboard */ = {
			isa = PBXVariantGroup;
			children = (
				EE2C2DCF28BDCF9000AB8313 /* Base */,
			);
			name = LaunchScreen.storyboard;
			sourceTree = "<group>";
		};
/* End PBXVariantGroup section */

/* Begin XCBuildConfiguration section */
		EE2C2DE828BDCF9000AB8313 /* Debug */ = {
			isa = XCBuildConfiguration;
			buildSettings = {
				ALWAYS_SEARCH_USER_PATHS = NO;
				CLANG_ANALYZER_NONNULL = YES;
				CLANG_ANALYZER_NUMBER_OBJECT_CONVERSION = YES_AGGRESSIVE;
				CLANG_CXX_LANGUAGE_STANDARD = "gnu++17";
				CLANG_ENABLE_MODULES = YES;
				CLANG_ENABLE_OBJC_ARC = YES;
				CLANG_ENABLE_OBJC_WEAK = YES;
				CLANG_WARN_BLOCK_CAPTURE_AUTORELEASING = YES;
				CLANG_WARN_BOOL_CONVERSION = YES;
				CLANG_WARN_COMMA = YES;
				CLANG_WARN_CONSTANT_CONVERSION = YES;
				CLANG_WARN_DEPRECATED_OBJC_IMPLEMENTATIONS = YES;
				CLANG_WARN_DIRECT_OBJC_ISA_USAGE = YES_ERROR;
				CLANG_WARN_DOCUMENTATION_COMMENTS = YES;
				CLANG_WARN_EMPTY_BODY = YES;
				CLANG_WARN_ENUM_CONVERSION = YES;
				CLANG_WARN_INFINITE_RECURSION = YES;
				CLANG_WARN_INT_CONVERSION = YES;
				CLANG_WARN_NON_LITERAL_NULL_CONVERSION = YES;
				CLANG_WARN_OBJC_IMPLICIT_RETAIN_SELF = YES;
				CLANG_WARN_OBJC_LITERAL_CONVERSION = YES;
				CLANG_WARN_OBJC_ROOT_CLASS = YES_ERROR;
				CLANG_WARN_QUOTED_INCLUDE_IN_FRAMEWORK_HEADER = YES;
				CLANG_WARN_RANGE_LOOP_ANALYSIS = YES;
				CLANG_WARN_STRICT_PROTOTYPES = YES;
				CLANG_WARN_SUSPICIOUS_MOVE = YES;
				CLANG_WARN_UNGUARDED_AVAILABILITY = YES_AGGRESSIVE;
				CLANG_WARN_UNREACHABLE_CODE = YES;
				CLANG_WARN__DUPLICATE_METHOD_MATCH = YES;
				COPY_PHASE_STRIP = NO;
				DEBUG_INFORMATION_FORMAT = dwarf;
				ENABLE_STRICT_OBJC_MSGSEND = YES;
				ENABLE_TESTABILITY = YES;
				GCC_C_LANGUAGE_STANDARD = gnu11;
				GCC_DYNAMIC_NO_PIC = NO;
				GCC_NO_COMMON_BLOCKS = YES;
				GCC_OPTIMIZATION_LEVEL = 0;
				GCC_PREPROCESSOR_DEFINITIONS = (
					"DEBUG=1",
					"$(inherited)",
				);
				GCC_WARN_64_TO_32_BIT_CONVERSION = YES;
				GCC_WARN_ABOUT_RETURN_TYPE = YES_ERROR;
				GCC_WARN_UNDECLARED_SELECTOR = YES;
				GCC_WARN_UNINITIALIZED_AUTOS = YES_AGGRESSIVE;
				GCC_WARN_UNUSED_FUNCTION = YES;
				GCC_WARN_UNUSED_VARIABLE = YES;
				IPHONEOS_DEPLOYMENT_TARGET = 15.5;
				MTL_ENABLE_DEBUG_INFO = INCLUDE_SOURCE;
				MTL_FAST_MATH = YES;
				ONLY_ACTIVE_ARCH = YES;
				SDKROOT = iphoneos;
				SWIFT_ACTIVE_COMPILATION_CONDITIONS = DEBUG;
				SWIFT_OPTIMIZATION_LEVEL = "-Onone";
			};
			name = Debug;
		};
		EE2C2DE928BDCF9000AB8313 /* Release */ = {
			isa = XCBuildConfiguration;
			buildSettings = {
				ALWAYS_SEARCH_USER_PATHS = NO;
				CLANG_ANALYZER_NONNULL = YES;
				CLANG_ANALYZER_NUMBER_OBJECT_CONVERSION = YES_AGGRESSIVE;
				CLANG_CXX_LANGUAGE_STANDARD = "gnu++17";
				CLANG_ENABLE_MODULES = YES;
				CLANG_ENABLE_OBJC_ARC = YES;
				CLANG_ENABLE_OBJC_WEAK = YES;
				CLANG_WARN_BLOCK_CAPTURE_AUTORELEASING = YES;
				CLANG_WARN_BOOL_CONVERSION = YES;
				CLANG_WARN_COMMA = YES;
				CLANG_WARN_CONSTANT_CONVERSION = YES;
				CLANG_WARN_DEPRECATED_OBJC_IMPLEMENTATIONS = YES;
				CLANG_WARN_DIRECT_OBJC_ISA_USAGE = YES_ERROR;
				CLANG_WARN_DOCUMENTATION_COMMENTS = YES;
				CLANG_WARN_EMPTY_BODY = YES;
				CLANG_WARN_ENUM_CONVERSION = YES;
				CLANG_WARN_INFINITE_RECURSION = YES;
				CLANG_WARN_INT_CONVERSION = YES;
				CLANG_WARN_NON_LITERAL_NULL_CONVERSION = YES;
				CLANG_WARN_OBJC_IMPLICIT_RETAIN_SELF = YES;
				CLANG_WARN_OBJC_LITERAL_CONVERSION = YES;
				CLANG_WARN_OBJC_ROOT_CLASS = YES_ERROR;
				CLANG_WARN_QUOTED_INCLUDE_IN_FRAMEWORK_HEADER = YES;
				CLANG_WARN_RANGE_LOOP_ANALYSIS = YES;
				CLANG_WARN_STRICT_PROTOTYPES = YES;
				CLANG_WARN_SUSPICIOUS_MOVE = YES;
				CLANG_WARN_UNGUARDED_AVAILABILITY = YES_AGGRESSIVE;
				CLANG_WARN_UNREACHABLE_CODE = YES;
				CLANG_WARN__DUPLICATE_METHOD_MATCH = YES;
				COPY_PHASE_STRIP = NO;
				DEBUG_INFORMATION_FORMAT = "dwarf-with-dsym";
				ENABLE_NS_ASSERTIONS = NO;
				ENABLE_STRICT_OBJC_MSGSEND = YES;
				GCC_C_LANGUAGE_STANDARD = gnu11;
				GCC_NO_COMMON_BLOCKS = YES;
				GCC_WARN_64_TO_32_BIT_CONVERSION = YES;
				GCC_WARN_ABOUT_RETURN_TYPE = YES_ERROR;
				GCC_WARN_UNDECLARED_SELECTOR = YES;
				GCC_WARN_UNINITIALIZED_AUTOS = YES_AGGRESSIVE;
				GCC_WARN_UNUSED_FUNCTION = YES;
				GCC_WARN_UNUSED_VARIABLE = YES;
				IPHONEOS_DEPLOYMENT_TARGET = 15.5;
				MTL_ENABLE_DEBUG_INFO = NO;
				MTL_FAST_MATH = YES;
				SDKROOT = iphoneos;
				SWIFT_COMPILATION_MODE = wholemodule;
				SWIFT_OPTIMIZATION_LEVEL = "-O";
				VALIDATE_PRODUCT = YES;
			};
			name = Release;
		};
		EE2C2DEB28BDCF9000AB8313 /* Debug */ = {
			isa = XCBuildConfiguration;
			buildSettings = {
				ASSETCATALOG_COMPILER_APPICON_NAME = AppIcon;
				ASSETCATALOG_COMPILER_GLOBAL_ACCENT_COLOR_NAME = AccentColor;
				CODE_SIGN_STYLE = Automatic;
				CURRENT_PROJECT_VERSION = 1;
				GENERATE_INFOPLIST_FILE = YES;
				INFOPLIST_FILE = TODOLIST/Info.plist;
				INFOPLIST_KEY_UIApplicationSupportsIndirectInputEvents = YES;
				INFOPLIST_KEY_UILaunchStoryboardName = LaunchScreen;
				INFOPLIST_KEY_UIMainStoryboardFile = Main;
				INFOPLIST_KEY_UISupportedInterfaceOrientations_iPad = "UIInterfaceOrientationPortrait UIInterfaceOrientationPortraitUpsideDown UIInterfaceOrientationLandscapeLeft UIInterfaceOrientationLandscapeRight";
				INFOPLIST_KEY_UISupportedInterfaceOrientations_iPhone = "UIInterfaceOrientationPortrait UIInterfaceOrientationLandscapeLeft UIInterfaceOrientationLandscapeRight";
				LD_RUNPATH_SEARCH_PATHS = (
					"$(inherited)",
					"@executable_path/Frameworks",
				);
				MARKETING_VERSION = 1.0;
				PRODUCT_BUNDLE_IDENTIFIER = xio.TODOLIST;
				PRODUCT_NAME = "$(TARGET_NAME)";
				SWIFT_EMIT_LOC_STRINGS = YES;
				SWIFT_VERSION = 5.0;
				TARGETED_DEVICE_FAMILY = "1,2";
			};
			name = Debug;
		};
		EE2C2DEC28BDCF9000AB8313 /* Release */ = {
			isa = XCBuildConfiguration;
			buildSettings = {
				ASSETCATALOG_COMPILER_APPICON_NAME = AppIcon;
				ASSETCATALOG_COMPILER_GLOBAL_ACCENT_COLOR_NAME = AccentColor;
				CODE_SIGN_STYLE = Automatic;
				CURRENT_PROJECT_VERSION = 1;
				GENERATE_INFOPLIST_FILE = YES;
				INFOPLIST_FILE = TODOLIST/Info.plist;
				INFOPLIST_KEY_UIApplicationSupportsIndirectInputEvents = YES;
				INFOPLIST_KEY_UILaunchStoryboardName = LaunchScreen;
				INFOPLIST_KEY_UIMainStoryboardFile = Main;
				INFOPLIST_KEY_UISupportedInterfaceOrientations_iPad = "UIInterfaceOrientationPortrait UIInterfaceOrientationPortraitUpsideDown UIInterfaceOrientationLandscapeLeft UIInterfaceOrientationLandscapeRight";
				INFOPLIST_KEY_UISupportedInterfaceOrientations_iPhone = "UIInterfaceOrientationPortrait UIInterfaceOrientationLandscapeLeft UIInterfaceOrientationLandscapeRight";
				LD_RUNPATH_SEARCH_PATHS = (
					"$(inherited)",
					"@executable_path/Frameworks",
				);
				MARKETING_VERSION = 1.0;
				PRODUCT_BUNDLE_IDENTIFIER = xio.TODOLIST;
				PRODUCT_NAME = "$(TARGET_NAME)";
				SWIFT_EMIT_LOC_STRINGS = YES;
				SWIFT_VERSION = 5.0;
				TARGETED_DEVICE_FAMILY = "1,2";
			};
			name = Release;
		};
		EE2C2DEE28BDCF9000AB8313 /* Debug */ = {
			isa = XCBuildConfiguration;
			buildSettings = {
				ALWAYS_EMBED_SWIFT_STANDARD_LIBRARIES = YES;
				BUNDLE_LOADER = "$(TEST_HOST)";
				CODE_SIGN_STYLE = Automatic;
				CURRENT_PROJECT_VERSION = 1;
				GENERATE_INFOPLIST_FILE = YES;
				IPHONEOS_DEPLOYMENT_TARGET = 15.5;
				MARKETING_VERSION = 1.0;
				PRODUCT_BUNDLE_IDENTIFIER = xio.TODOLISTTests;
				PRODUCT_NAME = "$(TARGET_NAME)";
				SWIFT_EMIT_LOC_STRINGS = NO;
				SWIFT_VERSION = 5.0;
				TARGETED_DEVICE_FAMILY = "1,2";
				TEST_HOST = "$(BUILT_PRODUCTS_DIR)/TODOLIST.app/TODOLIST";
			};
			name = Debug;
		};
		EE2C2DEF28BDCF9000AB8313 /* Release */ = {
			isa = XCBuildConfiguration;
			buildSettings = {
				ALWAYS_EMBED_SWIFT_STANDARD_LIBRARIES = YES;
				BUNDLE_LOADER = "$(TEST_HOST)";
				CODE_SIGN_STYLE = Automatic;
				CURRENT_PROJECT_VERSION = 1;
				GENERATE_INFOPLIST_FILE = YES;
				IPHONEOS_DEPLOYMENT_TARGET = 15.5;
				MARKETING_VERSION = 1.0;
				PRODUCT_BUNDLE_IDENTIFIER = xio.TODOLISTTests;
				PRODUCT_NAME = "$(TARGET_NAME)";
				SWIFT_EMIT_LOC_STRINGS = NO;
				SWIFT_VERSION = 5.0;
				TARGETED_DEVICE_FAMILY = "1,2";
				TEST_HOST = "$(BUILT_PRODUCTS_DIR)/TODOLIST.app/TODOLIST";
			};
			name = Release;
		};
		EE2C2DF128BDCF9000AB8313 /* Debug */ = {
			isa = XCBuildConfiguration;
			buildSettings = {
				ALWAYS_EMBED_SWIFT_STANDARD_LIBRARIES = YES;
				CODE_SIGN_STYLE = Automatic;
				CURRENT_PROJECT_VERSION = 1;
				GENERATE_INFOPLIST_FILE = YES;
				MARKETING_VERSION = 1.0;
				PRODUCT_BUNDLE_IDENTIFIER = xio.TODOLISTUITests;
				PRODUCT_NAME = "$(TARGET_NAME)";
				SWIFT_EMIT_LOC_STRINGS = NO;
				SWIFT_VERSION = 5.0;
				TARGETED_DEVICE_FAMILY = "1,2";
				TEST_TARGET_NAME = TODOLIST;
			};
			name = Debug;
		};
		EE2C2DF228BDCF9000AB8313 /* Release */ = {
			isa = XCBuildConfiguration;
			buildSettings = {
				ALWAYS_EMBED_SWIFT_STANDARD_LIBRARIES = YES;
				CODE_SIGN_STYLE = Automatic;
				CURRENT_PROJECT_VERSION = 1;
				GENERATE_INFOPLIST_FILE = YES;
				MARKETING_VERSION = 1.0;
				PRODUCT_BUNDLE_IDENTIFIER = xio.TODOLISTUITests;
				PRODUCT_NAME = "$(TARGET_NAME)";
				SWIFT_EMIT_LOC_STRINGS = NO;
				SWIFT_VERSION = 5.0;
				TARGETED_DEVICE_FAMILY = "1,2";
				TEST_TARGET_NAME = TODOLIST;
			};
			name = Release;
		};
/* End XCBuildConfiguration section */

/* Begin XCConfigurationList section */
		EE2C2DBB28BDCF8E00AB8313 /* Build configuration list for PBXProject "TODOLIST" */ = {
			isa = XCConfigurationList;
			buildConfigurations = (
				EE2C2DE828BDCF9000AB8313 /* Debug */,
				EE2C2DE928BDCF9000AB8313 /* Release */,
			);
			defaultConfigurationIsVisible = 0;
			defaultConfigurationName = Release;
		};
		EE2C2DEA28BDCF9000AB8313 /* Build configuration list for PBXNativeTarget "TODOLIST" */ = {
			isa = XCConfigurationList;
			buildConfigurations = (
				EE2C2DEB28BDCF9000AB8313 /* Debug */,
				EE2C2DEC28BDCF9000AB8313 /* Release */,
			);
			defaultConfigurationIsVisible = 0;
			defaultConfigurationName = Release;
		};
		EE2C2DED28BDCF9000AB8313 /* Build configuration list for PBXNativeTarget "TODOLISTTests" */ = {
			isa = XCConfigurationList;
			buildConfigurations = (
				EE2C2DEE28BDCF9000AB8313 /* Debug */,
				EE2C2DEF28BDCF9000AB8313 /* Release */,
			);
			defaultConfigurationIsVisible = 0;
			defaultConfigurationName = Release;
		};
		EE2C2DF028BDCF9000AB8313 /* Build configuration list for PBXNativeTarget "TODOLISTUITests" */ = {
			isa = XCConfigurationList;
			buildConfigurations = (
				EE2C2DF128BDCF9000AB8313 /* Debug */,
				EE2C2DF228BDCF9000AB8313 /* Release */,
			);
			defaultConfigurationIsVisible = 0;
			defaultConfigurationName = Release;
		};
/* End XCConfigurationList section */
	};
	rootObject = EE2C2DB828BDCF8E00AB8313 /* Project object */;
}
